
Microsoft Visual Studio Solution File, Format Version 12.00
# Visual Studio 15
VisualStudioVersion = 15.0.28307.271
MinimumVisualStudioVersion = 10.0.40219.1
Project("{8BC9CEB8-8B4A-11D0-8D11-00A0C91BC942}") = "core", "core\core.vcxproj", "{DD77BFFB-E22F-4320-8570-3AB2F3ABCC7B}"
EndProject
Project("{8BC9CEB8-8B4A-11D0-8D11-00A0C91BC942}") = "game", "game\game.vcxproj", "{6319906B-FD0F-469D-B6CD-15EF5854C8C2}"
EndProject
Project("{8BC9CEB8-8B4A-11D0-8D11-00A0C91BC942}") = "spaceinvaders", "spaceinvaders\spaceinvaders.vcxproj", "{6CD2D9BA-4276-4075-B59A-1D6681787308}"
EndProject
Global
	GlobalSection(SolutionConfigurationPlatforms) = preSolution
		Debug|Any CPU = Debug|Any CPU
		Debug|x64 = Debug|x64
		Debug|x86 = Debug|x86
		Release|Any CPU = Release|Any CPU
		Release|x64 = Release|x64
		Release|x86 = Release|x86
	EndGlobalSection
	GlobalSection(ProjectConfigurationPlatforms) = postSolution
		{DD77BFFB-E22F-4320-8570-3AB2F3ABCC7B}.Debug|Any CPU.ActiveCfg = Debug|Win32
		{DD77BFFB-E22F-4320-8570-3AB2F3ABCC7B}.Debug|x64.ActiveCfg = Debug|x64
		{DD77BFFB-E22F-4320-8570-3AB2F3ABCC7B}.Debug|x64.Build.0 = Debug|x64
		{DD77BFFB-E22F-4320-8570-3AB2F3ABCC7B}.Debug|x86.ActiveCfg = Debug|Win32
		{DD77BFFB-E22F-4320-8570-3AB2F3ABCC7B}.Debug|x86.Build.0 = Debug|Win32
		{DD77BFFB-E22F-4320-8570-3AB2F3ABCC7B}.Release|Any CPU.ActiveCfg = Release|Win32
		{DD77BFFB-E22F-4320-8570-3AB2F3ABCC7B}.Release|x64.ActiveCfg = Release|x64
		{DD77BFFB-E22F-4320-8570-3AB2F3ABCC7B}.Release|x64.Build.0 = Release|x64
		{DD77BFFB-E22F-4320-8570-3AB2F3ABCC7B}.Release|x86.ActiveCfg = Release|Win32
		{DD77BFFB-E22F-4320-8570-3AB2F3ABCC7B}.Release|x86.Build.0 = Release|Win32
		{6319906B-FD0F-469D-B6CD-15EF5854C8C2}.Debug|Any CPU.ActiveCfg = Debug|Win32
		{6319906B-FD0F-469D-B6CD-15EF5854C8C2}.Debug|x64.ActiveCfg = Debug|x64
		{6319906B-FD0F-469D-B6CD-15EF5854C8C2}.Debug|x64.Build.0 = Debug|x64
		{6319906B-FD0F-469D-B6CD-15EF5854C8C2}.Debug|x86.ActiveCfg = Debug|Win32
		{6319906B-FD0F-469D-B6CD-15EF5854C8C2}.Debug|x86.Build.0 = Debug|Win32
		{6319906B-FD0F-469D-B6CD-15EF5854C8C2}.Release|Any CPU.ActiveCfg = Release|Win32
		{6319906B-FD0F-469D-B6CD-15EF5854C8C2}.Release|x64.ActiveCfg = Release|x64
		{6319906B-FD0F-469D-B6CD-15EF5854C8C2}.Release|x64.Build.0 = Release|x64
		{6319906B-FD0F-469D-B6CD-15EF5854C8C2}.Release|x86.ActiveCfg = Release|Win32
		{6319906B-FD0F-469D-B6CD-15EF5854C8C2}.Release|x86.Build.0 = Release|Win32
		{6CD2D9BA-4276-4075-B59A-1D6681787308}.Debug|Any CPU.ActiveCfg = Debug|Win32
		{6CD2D9BA-4276-4075-B59A-1D6681787308}.Debug|x64.ActiveCfg = Debug|x64
		{6CD2D9BA-4276-4075-B59A-1D6681787308}.Debug|x64.Build.0 = Debug|x64
		{6CD2D9BA-4276-4075-B59A-1D6681787308}.Debug|x86.ActiveCfg = Debug|Win32
		{6CD2D9BA-4276-4075-B59A-1D6681787308}.Debug|x86.Build.0 = Debug|Win32
		{6CD2D9BA-4276-4075-B59A-1D6681787308}.Release|Any CPU.ActiveCfg = Release|Win32
		{6CD2D9BA-4276-4075-B59A-1D6681787308}.Release|x64.ActiveCfg = Release|x64
		{6CD2D9BA-4276-4075-B59A-1D6681787308}.Release|x64.Build.0 = Release|x64
		{6CD2D9BA-4276-4075-B59A-1D6681787308}.Release|x86.ActiveCfg = Release|Win32
		{6CD2D9BA-4276-4075-B59A-1D6681787308}.Release|x86.Build.0 = Release|Win32
	EndGlobalSection
	GlobalSection(SolutionProperties) = preSolution
		HideSolutionNode = FALSE
	EndGlobalSection
	GlobalSection(ExtensibilityGlobals) = postSolution
		SolutionGuid = {ABB15A10-F4CE-4409-832D-45E4A9D23E4A}
	EndGlobalSection
EndGlobal
